<?xml version="1.0" encoding="utf-8"?>
<Project ToolsVersion="15.0" xmlns="http://schemas.microsoft.com/developer/msbuild/2003">
  <ItemGroup>
    <CustomBuild Include="D:\Projects\OpenGL_Try\glfw-build\CMakeFiles\7d94d78b00853755adee1683ef43b126\INSTALL_force.rule">
      <Filter>CMake Rules</Filter>
    </CustomBuild>
  </ItemGroup>
  <ItemGroup>
    <Filter Include="CMake Rules">
      <UniqueIdentifier>{DCB3FE16-DD25-3E86-9D72-009A775D3E3D}</UniqueIdentifier>
    </Filter>
  </ItemGroup>
</Project>
