Microsoft Visual Studio Solution File, Format Version 12.00
# Visual Studio 15
Project("{8BC9CEB8-8B4A-11D0-8D11-00A0C91BC942}") = "ALL_BUILD", "ALL_BUILD.vcxproj", "{ADEF4CE4-6E45-387C-B597-AD5144559FA3}"
	ProjectSection(ProjectDependencies) = postProject
		{55A64656-4ABE-3665-9228-C8E4CDF8C7B6} = {55A64656-4ABE-3665-9228-C8E4CDF8C7B6}
		{FBFAEFD7-B5C3-3D06-9BFB-649CBE366D12} = {FBFAEFD7-B5C3-3D06-9BFB-649CBE366D12}
		{896FCF10-D793-373E-8E6F-31E74284A845} = {896FCF10-D793-373E-8E6F-31E74284A845}
		{51A80246-AAC8-332D-B445-70DEA93988F8} = {51A80246-AAC8-332D-B445-70DEA93988F8}
		{0338BFFE-9E53-3FB3-BB1F-C1DE172CF16D} = {0338BFFE-9E53-3FB3-BB1F-C1DE172CF16D}
	EndProjectSection
EndProject
Project("{8BC9CEB8-8B4A-11D0-8D11-00A0C91BC942}") = "INSTALL", "INSTALL.vcxproj", "{BD66C979-8AB7-37CD-B04C-17228CC63FC3}"
	ProjectSection(ProjectDependencies) = postProject
		{ADEF4CE4-6E45-387C-B597-AD5144559FA3} = {ADEF4CE4-6E45-387C-B597-AD5144559FA3}
		{55A64656-4ABE-3665-9228-C8E4CDF8C7B6} = {55A64656-4ABE-3665-9228-C8E4CDF8C7B6}
	EndProjectSection
EndProject
Project("{8BC9CEB8-8B4A-11D0-8D11-00A0C91BC942}") = "ZERO_CHECK", "ZERO_CHECK.vcxproj", "{55A64656-4ABE-3665-9228-C8E4CDF8C7B6}"
	ProjectSection(ProjectDependencies) = postProject
	EndProjectSection
EndProject
Project("{8BC9CEB8-8B4A-11D0-8D11-00A0C91BC942}") = "glew", "glew.vcxproj", "{FBFAEFD7-B5C3-3D06-9BFB-649CBE366D12}"
	ProjectSection(ProjectDependencies) = postProject
		{55A64656-4ABE-3665-9228-C8E4CDF8C7B6} = {55A64656-4ABE-3665-9228-C8E4CDF8C7B6}
	EndProjectSection
EndProject
Project("{8BC9CEB8-8B4A-11D0-8D11-00A0C91BC942}") = "glew_s", "glew_s.vcxproj", "{896FCF10-D793-373E-8E6F-31E74284A845}"
	ProjectSection(ProjectDependencies) = postProject
		{55A64656-4ABE-3665-9228-C8E4CDF8C7B6} = {55A64656-4ABE-3665-9228-C8E4CDF8C7B6}
	EndProjectSection
EndProject
Project("{8BC9CEB8-8B4A-11D0-8D11-00A0C91BC942}") = "glewinfo", "glewinfo.vcxproj", "{51A80246-AAC8-332D-B445-70DEA93988F8}"
	ProjectSection(ProjectDependencies) = postProject
		{55A64656-4ABE-3665-9228-C8E4CDF8C7B6} = {55A64656-4ABE-3665-9228-C8E4CDF8C7B6}
		{FBFAEFD7-B5C3-3D06-9BFB-649CBE366D12} = {FBFAEFD7-B5C3-3D06-9BFB-649CBE366D12}
	EndProjectSection
EndProject
Project("{8BC9CEB8-8B4A-11D0-8D11-00A0C91BC942}") = "uninstall", "uninstall.vcxproj", "{D055BC07-0642-326E-9436-7D6E177EE559}"
	ProjectSection(ProjectDependencies) = postProject
		{55A64656-4ABE-3665-9228-C8E4CDF8C7B6} = {55A64656-4ABE-3665-9228-C8E4CDF8C7B6}
	EndProjectSection
EndProject
Project("{8BC9CEB8-8B4A-11D0-8D11-00A0C91BC942}") = "visualinfo", "visualinfo.vcxproj", "{0338BFFE-9E53-3FB3-BB1F-C1DE172CF16D}"
	ProjectSection(ProjectDependencies) = postProject
		{55A64656-4ABE-3665-9228-C8E4CDF8C7B6} = {55A64656-4ABE-3665-9228-C8E4CDF8C7B6}
		{FBFAEFD7-B5C3-3D06-9BFB-649CBE366D12} = {FBFAEFD7-B5C3-3D06-9BFB-649CBE366D12}
	EndProjectSection
EndProject
Global
	GlobalSection(SolutionConfigurationPlatforms) = preSolution
		Debug|x64 = Debug|x64
		Release|x64 = Release|x64
		MinSizeRel|x64 = MinSizeRel|x64
		RelWithDebInfo|x64 = RelWithDebInfo|x64
	EndGlobalSection
	GlobalSection(ProjectConfigurationPlatforms) = postSolution
		{ADEF4CE4-6E45-387C-B597-AD5144559FA3}.Debug|x64.ActiveCfg = Debug|x64
		{ADEF4CE4-6E45-387C-B597-AD5144559FA3}.Debug|x64.Build.0 = Debug|x64
		{ADEF4CE4-6E45-387C-B597-AD5144559FA3}.Release|x64.ActiveCfg = Release|x64
		{ADEF4CE4-6E45-387C-B597-AD5144559FA3}.Release|x64.Build.0 = Release|x64
		{ADEF4CE4-6E45-387C-B597-AD5144559FA3}.MinSizeRel|x64.ActiveCfg = MinSizeRel|x64
		{ADEF4CE4-6E45-387C-B597-AD5144559FA3}.MinSizeRel|x64.Build.0 = MinSizeRel|x64
		{ADEF4CE4-6E45-387C-B597-AD5144559FA3}.RelWithDebInfo|x64.ActiveCfg = RelWithDebInfo|x64
		{ADEF4CE4-6E45-387C-B597-AD5144559FA3}.RelWithDebInfo|x64.Build.0 = RelWithDebInfo|x64
		{BD66C979-8AB7-37CD-B04C-17228CC63FC3}.Debug|x64.ActiveCfg = Debug|x64
		{BD66C979-8AB7-37CD-B04C-17228CC63FC3}.Release|x64.ActiveCfg = Release|x64
		{BD66C979-8AB7-37CD-B04C-17228CC63FC3}.MinSizeRel|x64.ActiveCfg = MinSizeRel|x64
		{BD66C979-8AB7-37CD-B04C-17228CC63FC3}.RelWithDebInfo|x64.ActiveCfg = RelWithDebInfo|x64
		{55A64656-4ABE-3665-9228-C8E4CDF8C7B6}.Debug|x64.ActiveCfg = Debug|x64
		{55A64656-4ABE-3665-9228-C8E4CDF8C7B6}.Debug|x64.Build.0 = Debug|x64
		{55A64656-4ABE-3665-9228-C8E4CDF8C7B6}.Release|x64.ActiveCfg = Release|x64
		{55A64656-4ABE-3665-9228-C8E4CDF8C7B6}.Release|x64.Build.0 = Release|x64
		{55A64656-4ABE-3665-9228-C8E4CDF8C7B6}.MinSizeRel|x64.ActiveCfg = MinSizeRel|x64
		{55A64656-4ABE-3665-9228-C8E4CDF8C7B6}.MinSizeRel|x64.Build.0 = MinSizeRel|x64
		{55A64656-4ABE-3665-9228-C8E4CDF8C7B6}.RelWithDebInfo|x64.ActiveCfg = RelWithDebInfo|x64
		{55A64656-4ABE-3665-9228-C8E4CDF8C7B6}.RelWithDebInfo|x64.Build.0 = RelWithDebInfo|x64
		{FBFAEFD7-B5C3-3D06-9BFB-649CBE366D12}.Debug|x64.ActiveCfg = Debug|x64
		{FBFAEFD7-B5C3-3D06-9BFB-649CBE366D12}.Debug|x64.Build.0 = Debug|x64
		{FBFAEFD7-B5C3-3D06-9BFB-649CBE366D12}.Release|x64.ActiveCfg = Release|x64
		{FBFAEFD7-B5C3-3D06-9BFB-649CBE366D12}.Release|x64.Build.0 = Release|x64
		{FBFAEFD7-B5C3-3D06-9BFB-649CBE366D12}.MinSizeRel|x64.ActiveCfg = MinSizeRel|x64
		{FBFAEFD7-B5C3-3D06-9BFB-649CBE366D12}.MinSizeRel|x64.Build.0 = MinSizeRel|x64
		{FBFAEFD7-B5C3-3D06-9BFB-649CBE366D12}.RelWithDebInfo|x64.ActiveCfg = RelWithDebInfo|x64
		{FBFAEFD7-B5C3-3D06-9BFB-649CBE366D12}.RelWithDebInfo|x64.Build.0 = RelWithDebInfo|x64
		{896FCF10-D793-373E-8E6F-31E74284A845}.Debug|x64.ActiveCfg = Debug|x64
		{896FCF10-D793-373E-8E6F-31E74284A845}.Debug|x64.Build.0 = Debug|x64
		{896FCF10-D793-373E-8E6F-31E74284A845}.Release|x64.ActiveCfg = Release|x64
		{896FCF10-D793-373E-8E6F-31E74284A845}.Release|x64.Build.0 = Release|x64
		{896FCF10-D793-373E-8E6F-31E74284A845}.MinSizeRel|x64.ActiveCfg = MinSizeRel|x64
		{896FCF10-D793-373E-8E6F-31E74284A845}.MinSizeRel|x64.Build.0 = MinSizeRel|x64
		{896FCF10-D793-373E-8E6F-31E74284A845}.RelWithDebInfo|x64.ActiveCfg = RelWithDebInfo|x64
		{896FCF10-D793-373E-8E6F-31E74284A845}.RelWithDebInfo|x64.Build.0 = RelWithDebInfo|x64
		{51A80246-AAC8-332D-B445-70DEA93988F8}.Debug|x64.ActiveCfg = Debug|x64
		{51A80246-AAC8-332D-B445-70DEA93988F8}.Debug|x64.Build.0 = Debug|x64
		{51A80246-AAC8-332D-B445-70DEA93988F8}.Release|x64.ActiveCfg = Release|x64
		{51A80246-AAC8-332D-B445-70DEA93988F8}.Release|x64.Build.0 = Release|x64
		{51A80246-AAC8-332D-B445-70DEA93988F8}.MinSizeRel|x64.ActiveCfg = MinSizeRel|x64
		{51A80246-AAC8-332D-B445-70DEA93988F8}.MinSizeRel|x64.Build.0 = MinSizeRel|x64
		{51A80246-AAC8-332D-B445-70DEA93988F8}.RelWithDebInfo|x64.ActiveCfg = RelWithDebInfo|x64
		{51A80246-AAC8-332D-B445-70DEA93988F8}.RelWithDebInfo|x64.Build.0 = RelWithDebInfo|x64
		{D055BC07-0642-326E-9436-7D6E177EE559}.Debug|x64.ActiveCfg = Debug|x64
		{D055BC07-0642-326E-9436-7D6E177EE559}.Release|x64.ActiveCfg = Release|x64
		{D055BC07-0642-326E-9436-7D6E177EE559}.MinSizeRel|x64.ActiveCfg = MinSizeRel|x64
		{D055BC07-0642-326E-9436-7D6E177EE559}.RelWithDebInfo|x64.ActiveCfg = RelWithDebInfo|x64
		{0338BFFE-9E53-3FB3-BB1F-C1DE172CF16D}.Debug|x64.ActiveCfg = Debug|x64
		{0338BFFE-9E53-3FB3-BB1F-C1DE172CF16D}.Debug|x64.Build.0 = Debug|x64
		{0338BFFE-9E53-3FB3-BB1F-C1DE172CF16D}.Release|x64.ActiveCfg = Release|x64
		{0338BFFE-9E53-3FB3-BB1F-C1DE172CF16D}.Release|x64.Build.0 = Release|x64
		{0338BFFE-9E53-3FB3-BB1F-C1DE172CF16D}.MinSizeRel|x64.ActiveCfg = MinSizeRel|x64
		{0338BFFE-9E53-3FB3-BB1F-C1DE172CF16D}.MinSizeRel|x64.Build.0 = MinSizeRel|x64
		{0338BFFE-9E53-3FB3-BB1F-C1DE172CF16D}.RelWithDebInfo|x64.ActiveCfg = RelWithDebInfo|x64
		{0338BFFE-9E53-3FB3-BB1F-C1DE172CF16D}.RelWithDebInfo|x64.Build.0 = RelWithDebInfo|x64
	EndGlobalSection
	GlobalSection(ExtensibilityGlobals) = postSolution
		SolutionGuid = {85E73BA5-B906-3A61-8E11-CE680596BC99}
	EndGlobalSection
	GlobalSection(ExtensibilityAddIns) = postSolution
	EndGlobalSection
EndGlobal
