Microsoft Visual Studio Solution File, Format Version 12.00
# Visual Studio 15
Project("{2150E333-8FDC-42A3-9474-1A3956D46DE8}") = "CMakePredefinedTargets", "CMakePredefinedTargets", "{7FCD31E2-AD4D-3F11-91E7-CC493DA733C6}"
EndProject
Project("{2150E333-8FDC-42A3-9474-1A3956D46DE8}") = "GLFW3", "GLFW3", "{EE7083DF-FE5B-3753-8C9A-3801223A242D}"
EndProject
Project("{2150E333-8FDC-42A3-9474-1A3956D46DE8}") = "Examples", "GLFW3\Examples", "{0E2E1196-8D4B-37AA-BA4A-38F8F8BB791C}"
EndProject
Project("{2150E333-8FDC-42A3-9474-1A3956D46DE8}") = "Tests", "GLFW3\Tests", "{C72F7B07-0D6D-3930-940F-6A1944FCC9F8}"
EndProject
Project("{8BC9CEB8-8B4A-11D0-8D11-00A0C91BC942}") = "ALL_BUILD", "ALL_BUILD.vcxproj", "{F417FD04-B84C-370B-A9B5-06B8670A00C1}"
	ProjectSection(ProjectDependencies) = postProject
		{9CCAA1C1-D9A0-36E0-B771-ADCBF338B58E} = {9CCAA1C1-D9A0-36E0-B771-ADCBF338B58E}
		{6F6DC50B-F44C-3249-9623-CD3847A8363F} = {6F6DC50B-F44C-3249-9623-CD3847A8363F}
		{D3DB9E1A-9E0B-3B06-A5C6-3BA415B05129} = {D3DB9E1A-9E0B-3B06-A5C6-3BA415B05129}
		{1BD6FA42-EDB6-3C9F-953D-8A3D11E62B3C} = {1BD6FA42-EDB6-3C9F-953D-8A3D11E62B3C}
		{B93DEDBF-FEDE-374F-8029-F0C6420BB614} = {B93DEDBF-FEDE-374F-8029-F0C6420BB614}
		{F1A46A41-5468-3A27-912F-E01A77D13513} = {F1A46A41-5468-3A27-912F-E01A77D13513}
		{6E5158D7-5541-3CCC-81FA-455599A2198E} = {6E5158D7-5541-3CCC-81FA-455599A2198E}
		{5FE0BA1A-A940-3212-9B5E-8629516D4D47} = {5FE0BA1A-A940-3212-9B5E-8629516D4D47}
		{1C5449EB-BC28-386B-98BF-2289DCD21BFC} = {1C5449EB-BC28-386B-98BF-2289DCD21BFC}
		{CF5CB107-28B5-3A8E-B665-15C9616F82E5} = {CF5CB107-28B5-3A8E-B665-15C9616F82E5}
		{68B02CA1-31DD-39BB-8FE5-DD05D6F5CE48} = {68B02CA1-31DD-39BB-8FE5-DD05D6F5CE48}
		{FF114B3A-C303-3D05-A2EB-8E3925F67F74} = {FF114B3A-C303-3D05-A2EB-8E3925F67F74}
		{0C9A46E1-BC14-387B-AE15-9BBA1CFFB402} = {0C9A46E1-BC14-387B-AE15-9BBA1CFFB402}
		{A85B25FB-D229-3963-BF81-3B6738F25B15} = {A85B25FB-D229-3963-BF81-3B6738F25B15}
		{1DC655F5-0906-3E20-8E6F-1E24609542E3} = {1DC655F5-0906-3E20-8E6F-1E24609542E3}
		{0176258B-B4BF-3135-9D15-DD8B7B4B97BA} = {0176258B-B4BF-3135-9D15-DD8B7B4B97BA}
		{9AFDA6B8-0466-32CD-A761-D86D04AD1DC3} = {9AFDA6B8-0466-32CD-A761-D86D04AD1DC3}
		{6EA35865-1A48-3C49-85F9-CD83B8182FDB} = {6EA35865-1A48-3C49-85F9-CD83B8182FDB}
		{23D7697B-4A6B-300A-9E7E-265437F62FFF} = {23D7697B-4A6B-300A-9E7E-265437F62FFF}
		{69136C72-6E03-33BE-B50F-B7CB7ED70C96} = {69136C72-6E03-33BE-B50F-B7CB7ED70C96}
		{3A0B1264-4F77-30C5-8360-79FB67EB7F26} = {3A0B1264-4F77-30C5-8360-79FB67EB7F26}
		{68FC3EB8-8732-323F-857E-AB213411AA1F} = {68FC3EB8-8732-323F-857E-AB213411AA1F}
		{83260507-7D9D-3F94-97D2-F065FC755F6B} = {83260507-7D9D-3F94-97D2-F065FC755F6B}
		{683E32C8-B562-3B42-87FD-F2EACBED35FA} = {683E32C8-B562-3B42-87FD-F2EACBED35FA}
		{1B676FE5-BDB4-3263-853A-9EE7C6389293} = {1B676FE5-BDB4-3263-853A-9EE7C6389293}
		{968B3E0E-1ADA-3ED6-B3F4-9F856BD796A7} = {968B3E0E-1ADA-3ED6-B3F4-9F856BD796A7}
		{FC0EF356-BBBC-30D1-8DCA-ADE5167261AC} = {FC0EF356-BBBC-30D1-8DCA-ADE5167261AC}
	EndProjectSection
EndProject
Project("{8BC9CEB8-8B4A-11D0-8D11-00A0C91BC942}") = "INSTALL", "INSTALL.vcxproj", "{70EF0E3F-B015-3802-AA04-F0A3773DD850}"
	ProjectSection(ProjectDependencies) = postProject
		{F417FD04-B84C-370B-A9B5-06B8670A00C1} = {F417FD04-B84C-370B-A9B5-06B8670A00C1}
		{9CCAA1C1-D9A0-36E0-B771-ADCBF338B58E} = {9CCAA1C1-D9A0-36E0-B771-ADCBF338B58E}
	EndProjectSection
EndProject
Project("{8BC9CEB8-8B4A-11D0-8D11-00A0C91BC942}") = "ZERO_CHECK", "ZERO_CHECK.vcxproj", "{9CCAA1C1-D9A0-36E0-B771-ADCBF338B58E}"
	ProjectSection(ProjectDependencies) = postProject
	EndProjectSection
EndProject
Project("{8BC9CEB8-8B4A-11D0-8D11-00A0C91BC942}") = "boing", "examples\boing.vcxproj", "{6F6DC50B-F44C-3249-9623-CD3847A8363F}"
	ProjectSection(ProjectDependencies) = postProject
		{9CCAA1C1-D9A0-36E0-B771-ADCBF338B58E} = {9CCAA1C1-D9A0-36E0-B771-ADCBF338B58E}
		{1C5449EB-BC28-386B-98BF-2289DCD21BFC} = {1C5449EB-BC28-386B-98BF-2289DCD21BFC}
	EndProjectSection
EndProject
Project("{8BC9CEB8-8B4A-11D0-8D11-00A0C91BC942}") = "clipboard", "tests\clipboard.vcxproj", "{D3DB9E1A-9E0B-3B06-A5C6-3BA415B05129}"
	ProjectSection(ProjectDependencies) = postProject
		{9CCAA1C1-D9A0-36E0-B771-ADCBF338B58E} = {9CCAA1C1-D9A0-36E0-B771-ADCBF338B58E}
		{1C5449EB-BC28-386B-98BF-2289DCD21BFC} = {1C5449EB-BC28-386B-98BF-2289DCD21BFC}
	EndProjectSection
EndProject
Project("{8BC9CEB8-8B4A-11D0-8D11-00A0C91BC942}") = "cursor", "tests\cursor.vcxproj", "{1BD6FA42-EDB6-3C9F-953D-8A3D11E62B3C}"
	ProjectSection(ProjectDependencies) = postProject
		{9CCAA1C1-D9A0-36E0-B771-ADCBF338B58E} = {9CCAA1C1-D9A0-36E0-B771-ADCBF338B58E}
		{1C5449EB-BC28-386B-98BF-2289DCD21BFC} = {1C5449EB-BC28-386B-98BF-2289DCD21BFC}
	EndProjectSection
EndProject
Project("{8BC9CEB8-8B4A-11D0-8D11-00A0C91BC942}") = "empty", "tests\empty.vcxproj", "{B93DEDBF-FEDE-374F-8029-F0C6420BB614}"
	ProjectSection(ProjectDependencies) = postProject
		{9CCAA1C1-D9A0-36E0-B771-ADCBF338B58E} = {9CCAA1C1-D9A0-36E0-B771-ADCBF338B58E}
		{1C5449EB-BC28-386B-98BF-2289DCD21BFC} = {1C5449EB-BC28-386B-98BF-2289DCD21BFC}
	EndProjectSection
EndProject
Project("{8BC9CEB8-8B4A-11D0-8D11-00A0C91BC942}") = "events", "tests\events.vcxproj", "{F1A46A41-5468-3A27-912F-E01A77D13513}"
	ProjectSection(ProjectDependencies) = postProject
		{9CCAA1C1-D9A0-36E0-B771-ADCBF338B58E} = {9CCAA1C1-D9A0-36E0-B771-ADCBF338B58E}
		{1C5449EB-BC28-386B-98BF-2289DCD21BFC} = {1C5449EB-BC28-386B-98BF-2289DCD21BFC}
	EndProjectSection
EndProject
Project("{8BC9CEB8-8B4A-11D0-8D11-00A0C91BC942}") = "gamma", "tests\gamma.vcxproj", "{6E5158D7-5541-3CCC-81FA-455599A2198E}"
	ProjectSection(ProjectDependencies) = postProject
		{9CCAA1C1-D9A0-36E0-B771-ADCBF338B58E} = {9CCAA1C1-D9A0-36E0-B771-ADCBF338B58E}
		{1C5449EB-BC28-386B-98BF-2289DCD21BFC} = {1C5449EB-BC28-386B-98BF-2289DCD21BFC}
	EndProjectSection
EndProject
Project("{8BC9CEB8-8B4A-11D0-8D11-00A0C91BC942}") = "gears", "examples\gears.vcxproj", "{5FE0BA1A-A940-3212-9B5E-8629516D4D47}"
	ProjectSection(ProjectDependencies) = postProject
		{9CCAA1C1-D9A0-36E0-B771-ADCBF338B58E} = {9CCAA1C1-D9A0-36E0-B771-ADCBF338B58E}
		{1C5449EB-BC28-386B-98BF-2289DCD21BFC} = {1C5449EB-BC28-386B-98BF-2289DCD21BFC}
	EndProjectSection
EndProject
Project("{8BC9CEB8-8B4A-11D0-8D11-00A0C91BC942}") = "glfw", "src\glfw.vcxproj", "{1C5449EB-BC28-386B-98BF-2289DCD21BFC}"
	ProjectSection(ProjectDependencies) = postProject
		{9CCAA1C1-D9A0-36E0-B771-ADCBF338B58E} = {9CCAA1C1-D9A0-36E0-B771-ADCBF338B58E}
	EndProjectSection
EndProject
Project("{8BC9CEB8-8B4A-11D0-8D11-00A0C91BC942}") = "glfwinfo", "tests\glfwinfo.vcxproj", "{CF5CB107-28B5-3A8E-B665-15C9616F82E5}"
	ProjectSection(ProjectDependencies) = postProject
		{9CCAA1C1-D9A0-36E0-B771-ADCBF338B58E} = {9CCAA1C1-D9A0-36E0-B771-ADCBF338B58E}
		{1C5449EB-BC28-386B-98BF-2289DCD21BFC} = {1C5449EB-BC28-386B-98BF-2289DCD21BFC}
	EndProjectSection
EndProject
Project("{8BC9CEB8-8B4A-11D0-8D11-00A0C91BC942}") = "heightmap", "examples\heightmap.vcxproj", "{68B02CA1-31DD-39BB-8FE5-DD05D6F5CE48}"
	ProjectSection(ProjectDependencies) = postProject
		{9CCAA1C1-D9A0-36E0-B771-ADCBF338B58E} = {9CCAA1C1-D9A0-36E0-B771-ADCBF338B58E}
		{1C5449EB-BC28-386B-98BF-2289DCD21BFC} = {1C5449EB-BC28-386B-98BF-2289DCD21BFC}
	EndProjectSection
EndProject
Project("{8BC9CEB8-8B4A-11D0-8D11-00A0C91BC942}") = "icon", "tests\icon.vcxproj", "{FF114B3A-C303-3D05-A2EB-8E3925F67F74}"
	ProjectSection(ProjectDependencies) = postProject
		{9CCAA1C1-D9A0-36E0-B771-ADCBF338B58E} = {9CCAA1C1-D9A0-36E0-B771-ADCBF338B58E}
		{1C5449EB-BC28-386B-98BF-2289DCD21BFC} = {1C5449EB-BC28-386B-98BF-2289DCD21BFC}
	EndProjectSection
EndProject
Project("{8BC9CEB8-8B4A-11D0-8D11-00A0C91BC942}") = "iconify", "tests\iconify.vcxproj", "{0C9A46E1-BC14-387B-AE15-9BBA1CFFB402}"
	ProjectSection(ProjectDependencies) = postProject
		{9CCAA1C1-D9A0-36E0-B771-ADCBF338B58E} = {9CCAA1C1-D9A0-36E0-B771-ADCBF338B58E}
		{1C5449EB-BC28-386B-98BF-2289DCD21BFC} = {1C5449EB-BC28-386B-98BF-2289DCD21BFC}
	EndProjectSection
EndProject
Project("{8BC9CEB8-8B4A-11D0-8D11-00A0C91BC942}") = "joysticks", "tests\joysticks.vcxproj", "{A85B25FB-D229-3963-BF81-3B6738F25B15}"
	ProjectSection(ProjectDependencies) = postProject
		{9CCAA1C1-D9A0-36E0-B771-ADCBF338B58E} = {9CCAA1C1-D9A0-36E0-B771-ADCBF338B58E}
		{1C5449EB-BC28-386B-98BF-2289DCD21BFC} = {1C5449EB-BC28-386B-98BF-2289DCD21BFC}
	EndProjectSection
EndProject
Project("{8BC9CEB8-8B4A-11D0-8D11-00A0C91BC942}") = "monitors", "tests\monitors.vcxproj", "{1DC655F5-0906-3E20-8E6F-1E24609542E3}"
	ProjectSection(ProjectDependencies) = postProject
		{9CCAA1C1-D9A0-36E0-B771-ADCBF338B58E} = {9CCAA1C1-D9A0-36E0-B771-ADCBF338B58E}
		{1C5449EB-BC28-386B-98BF-2289DCD21BFC} = {1C5449EB-BC28-386B-98BF-2289DCD21BFC}
	EndProjectSection
EndProject
Project("{8BC9CEB8-8B4A-11D0-8D11-00A0C91BC942}") = "msaa", "tests\msaa.vcxproj", "{0176258B-B4BF-3135-9D15-DD8B7B4B97BA}"
	ProjectSection(ProjectDependencies) = postProject
		{9CCAA1C1-D9A0-36E0-B771-ADCBF338B58E} = {9CCAA1C1-D9A0-36E0-B771-ADCBF338B58E}
		{1C5449EB-BC28-386B-98BF-2289DCD21BFC} = {1C5449EB-BC28-386B-98BF-2289DCD21BFC}
	EndProjectSection
EndProject
Project("{8BC9CEB8-8B4A-11D0-8D11-00A0C91BC942}") = "particles", "examples\particles.vcxproj", "{9AFDA6B8-0466-32CD-A761-D86D04AD1DC3}"
	ProjectSection(ProjectDependencies) = postProject
		{9CCAA1C1-D9A0-36E0-B771-ADCBF338B58E} = {9CCAA1C1-D9A0-36E0-B771-ADCBF338B58E}
		{1C5449EB-BC28-386B-98BF-2289DCD21BFC} = {1C5449EB-BC28-386B-98BF-2289DCD21BFC}
	EndProjectSection
EndProject
Project("{8BC9CEB8-8B4A-11D0-8D11-00A0C91BC942}") = "reopen", "tests\reopen.vcxproj", "{6EA35865-1A48-3C49-85F9-CD83B8182FDB}"
	ProjectSection(ProjectDependencies) = postProject
		{9CCAA1C1-D9A0-36E0-B771-ADCBF338B58E} = {9CCAA1C1-D9A0-36E0-B771-ADCBF338B58E}
		{1C5449EB-BC28-386B-98BF-2289DCD21BFC} = {1C5449EB-BC28-386B-98BF-2289DCD21BFC}
	EndProjectSection
EndProject
Project("{8BC9CEB8-8B4A-11D0-8D11-00A0C91BC942}") = "sharing", "tests\sharing.vcxproj", "{23D7697B-4A6B-300A-9E7E-265437F62FFF}"
	ProjectSection(ProjectDependencies) = postProject
		{9CCAA1C1-D9A0-36E0-B771-ADCBF338B58E} = {9CCAA1C1-D9A0-36E0-B771-ADCBF338B58E}
		{1C5449EB-BC28-386B-98BF-2289DCD21BFC} = {1C5449EB-BC28-386B-98BF-2289DCD21BFC}
	EndProjectSection
EndProject
Project("{8BC9CEB8-8B4A-11D0-8D11-00A0C91BC942}") = "simple", "examples\simple.vcxproj", "{69136C72-6E03-33BE-B50F-B7CB7ED70C96}"
	ProjectSection(ProjectDependencies) = postProject
		{9CCAA1C1-D9A0-36E0-B771-ADCBF338B58E} = {9CCAA1C1-D9A0-36E0-B771-ADCBF338B58E}
		{1C5449EB-BC28-386B-98BF-2289DCD21BFC} = {1C5449EB-BC28-386B-98BF-2289DCD21BFC}
	EndProjectSection
EndProject
Project("{8BC9CEB8-8B4A-11D0-8D11-00A0C91BC942}") = "splitview", "examples\splitview.vcxproj", "{3A0B1264-4F77-30C5-8360-79FB67EB7F26}"
	ProjectSection(ProjectDependencies) = postProject
		{9CCAA1C1-D9A0-36E0-B771-ADCBF338B58E} = {9CCAA1C1-D9A0-36E0-B771-ADCBF338B58E}
		{1C5449EB-BC28-386B-98BF-2289DCD21BFC} = {1C5449EB-BC28-386B-98BF-2289DCD21BFC}
	EndProjectSection
EndProject
Project("{8BC9CEB8-8B4A-11D0-8D11-00A0C91BC942}") = "tearing", "tests\tearing.vcxproj", "{68FC3EB8-8732-323F-857E-AB213411AA1F}"
	ProjectSection(ProjectDependencies) = postProject
		{9CCAA1C1-D9A0-36E0-B771-ADCBF338B58E} = {9CCAA1C1-D9A0-36E0-B771-ADCBF338B58E}
		{1C5449EB-BC28-386B-98BF-2289DCD21BFC} = {1C5449EB-BC28-386B-98BF-2289DCD21BFC}
	EndProjectSection
EndProject
Project("{8BC9CEB8-8B4A-11D0-8D11-00A0C91BC942}") = "threads", "tests\threads.vcxproj", "{83260507-7D9D-3F94-97D2-F065FC755F6B}"
	ProjectSection(ProjectDependencies) = postProject
		{9CCAA1C1-D9A0-36E0-B771-ADCBF338B58E} = {9CCAA1C1-D9A0-36E0-B771-ADCBF338B58E}
		{1C5449EB-BC28-386B-98BF-2289DCD21BFC} = {1C5449EB-BC28-386B-98BF-2289DCD21BFC}
	EndProjectSection
EndProject
Project("{8BC9CEB8-8B4A-11D0-8D11-00A0C91BC942}") = "timeout", "tests\timeout.vcxproj", "{683E32C8-B562-3B42-87FD-F2EACBED35FA}"
	ProjectSection(ProjectDependencies) = postProject
		{9CCAA1C1-D9A0-36E0-B771-ADCBF338B58E} = {9CCAA1C1-D9A0-36E0-B771-ADCBF338B58E}
		{1C5449EB-BC28-386B-98BF-2289DCD21BFC} = {1C5449EB-BC28-386B-98BF-2289DCD21BFC}
	EndProjectSection
EndProject
Project("{8BC9CEB8-8B4A-11D0-8D11-00A0C91BC942}") = "title", "tests\title.vcxproj", "{1B676FE5-BDB4-3263-853A-9EE7C6389293}"
	ProjectSection(ProjectDependencies) = postProject
		{9CCAA1C1-D9A0-36E0-B771-ADCBF338B58E} = {9CCAA1C1-D9A0-36E0-B771-ADCBF338B58E}
		{1C5449EB-BC28-386B-98BF-2289DCD21BFC} = {1C5449EB-BC28-386B-98BF-2289DCD21BFC}
	EndProjectSection
EndProject
Project("{8BC9CEB8-8B4A-11D0-8D11-00A0C91BC942}") = "uninstall", "uninstall.vcxproj", "{A3DF2B34-C5B2-38A2-8927-7DBB5026C644}"
	ProjectSection(ProjectDependencies) = postProject
		{9CCAA1C1-D9A0-36E0-B771-ADCBF338B58E} = {9CCAA1C1-D9A0-36E0-B771-ADCBF338B58E}
	EndProjectSection
EndProject
Project("{8BC9CEB8-8B4A-11D0-8D11-00A0C91BC942}") = "wave", "examples\wave.vcxproj", "{968B3E0E-1ADA-3ED6-B3F4-9F856BD796A7}"
	ProjectSection(ProjectDependencies) = postProject
		{9CCAA1C1-D9A0-36E0-B771-ADCBF338B58E} = {9CCAA1C1-D9A0-36E0-B771-ADCBF338B58E}
		{1C5449EB-BC28-386B-98BF-2289DCD21BFC} = {1C5449EB-BC28-386B-98BF-2289DCD21BFC}
	EndProjectSection
EndProject
Project("{8BC9CEB8-8B4A-11D0-8D11-00A0C91BC942}") = "windows", "tests\windows.vcxproj", "{FC0EF356-BBBC-30D1-8DCA-ADE5167261AC}"
	ProjectSection(ProjectDependencies) = postProject
		{9CCAA1C1-D9A0-36E0-B771-ADCBF338B58E} = {9CCAA1C1-D9A0-36E0-B771-ADCBF338B58E}
		{1C5449EB-BC28-386B-98BF-2289DCD21BFC} = {1C5449EB-BC28-386B-98BF-2289DCD21BFC}
	EndProjectSection
EndProject
Global
	GlobalSection(SolutionConfigurationPlatforms) = preSolution
		Debug|x64 = Debug|x64
		Release|x64 = Release|x64
		MinSizeRel|x64 = MinSizeRel|x64
		RelWithDebInfo|x64 = RelWithDebInfo|x64
	EndGlobalSection
	GlobalSection(ProjectConfigurationPlatforms) = postSolution
		{F417FD04-B84C-370B-A9B5-06B8670A00C1}.Debug|x64.ActiveCfg = Debug|x64
		{F417FD04-B84C-370B-A9B5-06B8670A00C1}.Debug|x64.Build.0 = Debug|x64
		{F417FD04-B84C-370B-A9B5-06B8670A00C1}.Release|x64.ActiveCfg = Release|x64
		{F417FD04-B84C-370B-A9B5-06B8670A00C1}.Release|x64.Build.0 = Release|x64
		{F417FD04-B84C-370B-A9B5-06B8670A00C1}.MinSizeRel|x64.ActiveCfg = MinSizeRel|x64
		{F417FD04-B84C-370B-A9B5-06B8670A00C1}.MinSizeRel|x64.Build.0 = MinSizeRel|x64
		{F417FD04-B84C-370B-A9B5-06B8670A00C1}.RelWithDebInfo|x64.ActiveCfg = RelWithDebInfo|x64
		{F417FD04-B84C-370B-A9B5-06B8670A00C1}.RelWithDebInfo|x64.Build.0 = RelWithDebInfo|x64
		{70EF0E3F-B015-3802-AA04-F0A3773DD850}.Debug|x64.ActiveCfg = Debug|x64
		{70EF0E3F-B015-3802-AA04-F0A3773DD850}.Release|x64.ActiveCfg = Release|x64
		{70EF0E3F-B015-3802-AA04-F0A3773DD850}.MinSizeRel|x64.ActiveCfg = MinSizeRel|x64
		{70EF0E3F-B015-3802-AA04-F0A3773DD850}.RelWithDebInfo|x64.ActiveCfg = RelWithDebInfo|x64
		{9CCAA1C1-D9A0-36E0-B771-ADCBF338B58E}.Debug|x64.ActiveCfg = Debug|x64
		{9CCAA1C1-D9A0-36E0-B771-ADCBF338B58E}.Debug|x64.Build.0 = Debug|x64
		{9CCAA1C1-D9A0-36E0-B771-ADCBF338B58E}.Release|x64.ActiveCfg = Release|x64
		{9CCAA1C1-D9A0-36E0-B771-ADCBF338B58E}.Release|x64.Build.0 = Release|x64
		{9CCAA1C1-D9A0-36E0-B771-ADCBF338B58E}.MinSizeRel|x64.ActiveCfg = MinSizeRel|x64
		{9CCAA1C1-D9A0-36E0-B771-ADCBF338B58E}.MinSizeRel|x64.Build.0 = MinSizeRel|x64
		{9CCAA1C1-D9A0-36E0-B771-ADCBF338B58E}.RelWithDebInfo|x64.ActiveCfg = RelWithDebInfo|x64
		{9CCAA1C1-D9A0-36E0-B771-ADCBF338B58E}.RelWithDebInfo|x64.Build.0 = RelWithDebInfo|x64
		{6F6DC50B-F44C-3249-9623-CD3847A8363F}.Debug|x64.ActiveCfg = Debug|x64
		{6F6DC50B-F44C-3249-9623-CD3847A8363F}.Debug|x64.Build.0 = Debug|x64
		{6F6DC50B-F44C-3249-9623-CD3847A8363F}.Release|x64.ActiveCfg = Release|x64
		{6F6DC50B-F44C-3249-9623-CD3847A8363F}.Release|x64.Build.0 = Release|x64
		{6F6DC50B-F44C-3249-9623-CD3847A8363F}.MinSizeRel|x64.ActiveCfg = MinSizeRel|x64
		{6F6DC50B-F44C-3249-9623-CD3847A8363F}.MinSizeRel|x64.Build.0 = MinSizeRel|x64
		{6F6DC50B-F44C-3249-9623-CD3847A8363F}.RelWithDebInfo|x64.ActiveCfg = RelWithDebInfo|x64
		{6F6DC50B-F44C-3249-9623-CD3847A8363F}.RelWithDebInfo|x64.Build.0 = RelWithDebInfo|x64
		{D3DB9E1A-9E0B-3B06-A5C6-3BA415B05129}.Debug|x64.ActiveCfg = Debug|x64
		{D3DB9E1A-9E0B-3B06-A5C6-3BA415B05129}.Debug|x64.Build.0 = Debug|x64
		{D3DB9E1A-9E0B-3B06-A5C6-3BA415B05129}.Release|x64.ActiveCfg = Release|x64
		{D3DB9E1A-9E0B-3B06-A5C6-3BA415B05129}.Release|x64.Build.0 = Release|x64
		{D3DB9E1A-9E0B-3B06-A5C6-3BA415B05129}.MinSizeRel|x64.ActiveCfg = MinSizeRel|x64
		{D3DB9E1A-9E0B-3B06-A5C6-3BA415B05129}.MinSizeRel|x64.Build.0 = MinSizeRel|x64
		{D3DB9E1A-9E0B-3B06-A5C6-3BA415B05129}.RelWithDebInfo|x64.ActiveCfg = RelWithDebInfo|x64
		{D3DB9E1A-9E0B-3B06-A5C6-3BA415B05129}.RelWithDebInfo|x64.Build.0 = RelWithDebInfo|x64
		{1BD6FA42-EDB6-3C9F-953D-8A3D11E62B3C}.Debug|x64.ActiveCfg = Debug|x64
		{1BD6FA42-EDB6-3C9F-953D-8A3D11E62B3C}.Debug|x64.Build.0 = Debug|x64
		{1BD6FA42-EDB6-3C9F-953D-8A3D11E62B3C}.Release|x64.ActiveCfg = Release|x64
		{1BD6FA42-EDB6-3C9F-953D-8A3D11E62B3C}.Release|x64.Build.0 = Release|x64
		{1BD6FA42-EDB6-3C9F-953D-8A3D11E62B3C}.MinSizeRel|x64.ActiveCfg = MinSizeRel|x64
		{1BD6FA42-EDB6-3C9F-953D-8A3D11E62B3C}.MinSizeRel|x64.Build.0 = MinSizeRel|x64
		{1BD6FA42-EDB6-3C9F-953D-8A3D11E62B3C}.RelWithDebInfo|x64.ActiveCfg = RelWithDebInfo|x64
		{1BD6FA42-EDB6-3C9F-953D-8A3D11E62B3C}.RelWithDebInfo|x64.Build.0 = RelWithDebInfo|x64
		{B93DEDBF-FEDE-374F-8029-F0C6420BB614}.Debug|x64.ActiveCfg = Debug|x64
		{B93DEDBF-FEDE-374F-8029-F0C6420BB614}.Debug|x64.Build.0 = Debug|x64
		{B93DEDBF-FEDE-374F-8029-F0C6420BB614}.Release|x64.ActiveCfg = Release|x64
		{B93DEDBF-FEDE-374F-8029-F0C6420BB614}.Release|x64.Build.0 = Release|x64
		{B93DEDBF-FEDE-374F-8029-F0C6420BB614}.MinSizeRel|x64.ActiveCfg = MinSizeRel|x64
		{B93DEDBF-FEDE-374F-8029-F0C6420BB614}.MinSizeRel|x64.Build.0 = MinSizeRel|x64
		{B93DEDBF-FEDE-374F-8029-F0C6420BB614}.RelWithDebInfo|x64.ActiveCfg = RelWithDebInfo|x64
		{B93DEDBF-FEDE-374F-8029-F0C6420BB614}.RelWithDebInfo|x64.Build.0 = RelWithDebInfo|x64
		{F1A46A41-5468-3A27-912F-E01A77D13513}.Debug|x64.ActiveCfg = Debug|x64
		{F1A46A41-5468-3A27-912F-E01A77D13513}.Debug|x64.Build.0 = Debug|x64
		{F1A46A41-5468-3A27-912F-E01A77D13513}.Release|x64.ActiveCfg = Release|x64
		{F1A46A41-5468-3A27-912F-E01A77D13513}.Release|x64.Build.0 = Release|x64
		{F1A46A41-5468-3A27-912F-E01A77D13513}.MinSizeRel|x64.ActiveCfg = MinSizeRel|x64
		{F1A46A41-5468-3A27-912F-E01A77D13513}.MinSizeRel|x64.Build.0 = MinSizeRel|x64
		{F1A46A41-5468-3A27-912F-E01A77D13513}.RelWithDebInfo|x64.ActiveCfg = RelWithDebInfo|x64
		{F1A46A41-5468-3A27-912F-E01A77D13513}.RelWithDebInfo|x64.Build.0 = RelWithDebInfo|x64
		{6E5158D7-5541-3CCC-81FA-455599A2198E}.Debug|x64.ActiveCfg = Debug|x64
		{6E5158D7-5541-3CCC-81FA-455599A2198E}.Debug|x64.Build.0 = Debug|x64
		{6E5158D7-5541-3CCC-81FA-455599A2198E}.Release|x64.ActiveCfg = Release|x64
		{6E5158D7-5541-3CCC-81FA-455599A2198E}.Release|x64.Build.0 = Release|x64
		{6E5158D7-5541-3CCC-81FA-455599A2198E}.MinSizeRel|x64.ActiveCfg = MinSizeRel|x64
		{6E5158D7-5541-3CCC-81FA-455599A2198E}.MinSizeRel|x64.Build.0 = MinSizeRel|x64
		{6E5158D7-5541-3CCC-81FA-455599A2198E}.RelWithDebInfo|x64.ActiveCfg = RelWithDebInfo|x64
		{6E5158D7-5541-3CCC-81FA-455599A2198E}.RelWithDebInfo|x64.Build.0 = RelWithDebInfo|x64
		{5FE0BA1A-A940-3212-9B5E-8629516D4D47}.Debug|x64.ActiveCfg = Debug|x64
		{5FE0BA1A-A940-3212-9B5E-8629516D4D47}.Debug|x64.Build.0 = Debug|x64
		{5FE0BA1A-A940-3212-9B5E-8629516D4D47}.Release|x64.ActiveCfg = Release|x64
		{5FE0BA1A-A940-3212-9B5E-8629516D4D47}.Release|x64.Build.0 = Release|x64
		{5FE0BA1A-A940-3212-9B5E-8629516D4D47}.MinSizeRel|x64.ActiveCfg = MinSizeRel|x64
		{5FE0BA1A-A940-3212-9B5E-8629516D4D47}.MinSizeRel|x64.Build.0 = MinSizeRel|x64
		{5FE0BA1A-A940-3212-9B5E-8629516D4D47}.RelWithDebInfo|x64.ActiveCfg = RelWithDebInfo|x64
		{5FE0BA1A-A940-3212-9B5E-8629516D4D47}.RelWithDebInfo|x64.Build.0 = RelWithDebInfo|x64
		{1C5449EB-BC28-386B-98BF-2289DCD21BFC}.Debug|x64.ActiveCfg = Debug|x64
		{1C5449EB-BC28-386B-98BF-2289DCD21BFC}.Debug|x64.Build.0 = Debug|x64
		{1C5449EB-BC28-386B-98BF-2289DCD21BFC}.Release|x64.ActiveCfg = Release|x64
		{1C5449EB-BC28-386B-98BF-2289DCD21BFC}.Release|x64.Build.0 = Release|x64
		{1C5449EB-BC28-386B-98BF-2289DCD21BFC}.MinSizeRel|x64.ActiveCfg = MinSizeRel|x64
		{1C5449EB-BC28-386B-98BF-2289DCD21BFC}.MinSizeRel|x64.Build.0 = MinSizeRel|x64
		{1C5449EB-BC28-386B-98BF-2289DCD21BFC}.RelWithDebInfo|x64.ActiveCfg = RelWithDebInfo|x64
		{1C5449EB-BC28-386B-98BF-2289DCD21BFC}.RelWithDebInfo|x64.Build.0 = RelWithDebInfo|x64
		{CF5CB107-28B5-3A8E-B665-15C9616F82E5}.Debug|x64.ActiveCfg = Debug|x64
		{CF5CB107-28B5-3A8E-B665-15C9616F82E5}.Debug|x64.Build.0 = Debug|x64
		{CF5CB107-28B5-3A8E-B665-15C9616F82E5}.Release|x64.ActiveCfg = Release|x64
		{CF5CB107-28B5-3A8E-B665-15C9616F82E5}.Release|x64.Build.0 = Release|x64
		{CF5CB107-28B5-3A8E-B665-15C9616F82E5}.MinSizeRel|x64.ActiveCfg = MinSizeRel|x64
		{CF5CB107-28B5-3A8E-B665-15C9616F82E5}.MinSizeRel|x64.Build.0 = MinSizeRel|x64
		{CF5CB107-28B5-3A8E-B665-15C9616F82E5}.RelWithDebInfo|x64.ActiveCfg = RelWithDebInfo|x64
		{CF5CB107-28B5-3A8E-B665-15C9616F82E5}.RelWithDebInfo|x64.Build.0 = RelWithDebInfo|x64
		{68B02CA1-31DD-39BB-8FE5-DD05D6F5CE48}.Debug|x64.ActiveCfg = Debug|x64
		{68B02CA1-31DD-39BB-8FE5-DD05D6F5CE48}.Debug|x64.Build.0 = Debug|x64
		{68B02CA1-31DD-39BB-8FE5-DD05D6F5CE48}.Release|x64.ActiveCfg = Release|x64
		{68B02CA1-31DD-39BB-8FE5-DD05D6F5CE48}.Release|x64.Build.0 = Release|x64
		{68B02CA1-31DD-39BB-8FE5-DD05D6F5CE48}.MinSizeRel|x64.ActiveCfg = MinSizeRel|x64
		{68B02CA1-31DD-39BB-8FE5-DD05D6F5CE48}.MinSizeRel|x64.Build.0 = MinSizeRel|x64
		{68B02CA1-31DD-39BB-8FE5-DD05D6F5CE48}.RelWithDebInfo|x64.ActiveCfg = RelWithDebInfo|x64
		{68B02CA1-31DD-39BB-8FE5-DD05D6F5CE48}.RelWithDebInfo|x64.Build.0 = RelWithDebInfo|x64
		{FF114B3A-C303-3D05-A2EB-8E3925F67F74}.Debug|x64.ActiveCfg = Debug|x64
		{FF114B3A-C303-3D05-A2EB-8E3925F67F74}.Debug|x64.Build.0 = Debug|x64
		{FF114B3A-C303-3D05-A2EB-8E3925F67F74}.Release|x64.ActiveCfg = Release|x64
		{FF114B3A-C303-3D05-A2EB-8E3925F67F74}.Release|x64.Build.0 = Release|x64
		{FF114B3A-C303-3D05-A2EB-8E3925F67F74}.MinSizeRel|x64.ActiveCfg = MinSizeRel|x64
		{FF114B3A-C303-3D05-A2EB-8E3925F67F74}.MinSizeRel|x64.Build.0 = MinSizeRel|x64
		{FF114B3A-C303-3D05-A2EB-8E3925F67F74}.RelWithDebInfo|x64.ActiveCfg = RelWithDebInfo|x64
		{FF114B3A-C303-3D05-A2EB-8E3925F67F74}.RelWithDebInfo|x64.Build.0 = RelWithDebInfo|x64
		{0C9A46E1-BC14-387B-AE15-9BBA1CFFB402}.Debug|x64.ActiveCfg = Debug|x64
		{0C9A46E1-BC14-387B-AE15-9BBA1CFFB402}.Debug|x64.Build.0 = Debug|x64
		{0C9A46E1-BC14-387B-AE15-9BBA1CFFB402}.Release|x64.ActiveCfg = Release|x64
		{0C9A46E1-BC14-387B-AE15-9BBA1CFFB402}.Release|x64.Build.0 = Release|x64
		{0C9A46E1-BC14-387B-AE15-9BBA1CFFB402}.MinSizeRel|x64.ActiveCfg = MinSizeRel|x64
		{0C9A46E1-BC14-387B-AE15-9BBA1CFFB402}.MinSizeRel|x64.Build.0 = MinSizeRel|x64
		{0C9A46E1-BC14-387B-AE15-9BBA1CFFB402}.RelWithDebInfo|x64.ActiveCfg = RelWithDebInfo|x64
		{0C9A46E1-BC14-387B-AE15-9BBA1CFFB402}.RelWithDebInfo|x64.Build.0 = RelWithDebInfo|x64
		{A85B25FB-D229-3963-BF81-3B6738F25B15}.Debug|x64.ActiveCfg = Debug|x64
		{A85B25FB-D229-3963-BF81-3B6738F25B15}.Debug|x64.Build.0 = Debug|x64
		{A85B25FB-D229-3963-BF81-3B6738F25B15}.Release|x64.ActiveCfg = Release|x64
		{A85B25FB-D229-3963-BF81-3B6738F25B15}.Release|x64.Build.0 = Release|x64
		{A85B25FB-D229-3963-BF81-3B6738F25B15}.MinSizeRel|x64.ActiveCfg = MinSizeRel|x64
		{A85B25FB-D229-3963-BF81-3B6738F25B15}.MinSizeRel|x64.Build.0 = MinSizeRel|x64
		{A85B25FB-D229-3963-BF81-3B6738F25B15}.RelWithDebInfo|x64.ActiveCfg = RelWithDebInfo|x64
		{A85B25FB-D229-3963-BF81-3B6738F25B15}.RelWithDebInfo|x64.Build.0 = RelWithDebInfo|x64
		{1DC655F5-0906-3E20-8E6F-1E24609542E3}.Debug|x64.ActiveCfg = Debug|x64
		{1DC655F5-0906-3E20-8E6F-1E24609542E3}.Debug|x64.Build.0 = Debug|x64
		{1DC655F5-0906-3E20-8E6F-1E24609542E3}.Release|x64.ActiveCfg = Release|x64
		{1DC655F5-0906-3E20-8E6F-1E24609542E3}.Release|x64.Build.0 = Release|x64
		{1DC655F5-0906-3E20-8E6F-1E24609542E3}.MinSizeRel|x64.ActiveCfg = MinSizeRel|x64
		{1DC655F5-0906-3E20-8E6F-1E24609542E3}.MinSizeRel|x64.Build.0 = MinSizeRel|x64
		{1DC655F5-0906-3E20-8E6F-1E24609542E3}.RelWithDebInfo|x64.ActiveCfg = RelWithDebInfo|x64
		{1DC655F5-0906-3E20-8E6F-1E24609542E3}.RelWithDebInfo|x64.Build.0 = RelWithDebInfo|x64
		{0176258B-B4BF-3135-9D15-DD8B7B4B97BA}.Debug|x64.ActiveCfg = Debug|x64
		{0176258B-B4BF-3135-9D15-DD8B7B4B97BA}.Debug|x64.Build.0 = Debug|x64
		{0176258B-B4BF-3135-9D15-DD8B7B4B97BA}.Release|x64.ActiveCfg = Release|x64
		{0176258B-B4BF-3135-9D15-DD8B7B4B97BA}.Release|x64.Build.0 = Release|x64
		{0176258B-B4BF-3135-9D15-DD8B7B4B97BA}.MinSizeRel|x64.ActiveCfg = MinSizeRel|x64
		{0176258B-B4BF-3135-9D15-DD8B7B4B97BA}.MinSizeRel|x64.Build.0 = MinSizeRel|x64
		{0176258B-B4BF-3135-9D15-DD8B7B4B97BA}.RelWithDebInfo|x64.ActiveCfg = RelWithDebInfo|x64
		{0176258B-B4BF-3135-9D15-DD8B7B4B97BA}.RelWithDebInfo|x64.Build.0 = RelWithDebInfo|x64
		{9AFDA6B8-0466-32CD-A761-D86D04AD1DC3}.Debug|x64.ActiveCfg = Debug|x64
		{9AFDA6B8-0466-32CD-A761-D86D04AD1DC3}.Debug|x64.Build.0 = Debug|x64
		{9AFDA6B8-0466-32CD-A761-D86D04AD1DC3}.Release|x64.ActiveCfg = Release|x64
		{9AFDA6B8-0466-32CD-A761-D86D04AD1DC3}.Release|x64.Build.0 = Release|x64
		{9AFDA6B8-0466-32CD-A761-D86D04AD1DC3}.MinSizeRel|x64.ActiveCfg = MinSizeRel|x64
		{9AFDA6B8-0466-32CD-A761-D86D04AD1DC3}.MinSizeRel|x64.Build.0 = MinSizeRel|x64
		{9AFDA6B8-0466-32CD-A761-D86D04AD1DC3}.RelWithDebInfo|x64.ActiveCfg = RelWithDebInfo|x64
		{9AFDA6B8-0466-32CD-A761-D86D04AD1DC3}.RelWithDebInfo|x64.Build.0 = RelWithDebInfo|x64
		{6EA35865-1A48-3C49-85F9-CD83B8182FDB}.Debug|x64.ActiveCfg = Debug|x64
		{6EA35865-1A48-3C49-85F9-CD83B8182FDB}.Debug|x64.Build.0 = Debug|x64
		{6EA35865-1A48-3C49-85F9-CD83B8182FDB}.Release|x64.ActiveCfg = Release|x64
		{6EA35865-1A48-3C49-85F9-CD83B8182FDB}.Release|x64.Build.0 = Release|x64
		{6EA35865-1A48-3C49-85F9-CD83B8182FDB}.MinSizeRel|x64.ActiveCfg = MinSizeRel|x64
		{6EA35865-1A48-3C49-85F9-CD83B8182FDB}.MinSizeRel|x64.Build.0 = MinSizeRel|x64
		{6EA35865-1A48-3C49-85F9-CD83B8182FDB}.RelWithDebInfo|x64.ActiveCfg = RelWithDebInfo|x64
		{6EA35865-1A48-3C49-85F9-CD83B8182FDB}.RelWithDebInfo|x64.Build.0 = RelWithDebInfo|x64
		{23D7697B-4A6B-300A-9E7E-265437F62FFF}.Debug|x64.ActiveCfg = Debug|x64
		{23D7697B-4A6B-300A-9E7E-265437F62FFF}.Debug|x64.Build.0 = Debug|x64
		{23D7697B-4A6B-300A-9E7E-265437F62FFF}.Release|x64.ActiveCfg = Release|x64
		{23D7697B-4A6B-300A-9E7E-265437F62FFF}.Release|x64.Build.0 = Release|x64
		{23D7697B-4A6B-300A-9E7E-265437F62FFF}.MinSizeRel|x64.ActiveCfg = MinSizeRel|x64
		{23D7697B-4A6B-300A-9E7E-265437F62FFF}.MinSizeRel|x64.Build.0 = MinSizeRel|x64
		{23D7697B-4A6B-300A-9E7E-265437F62FFF}.RelWithDebInfo|x64.ActiveCfg = RelWithDebInfo|x64
		{23D7697B-4A6B-300A-9E7E-265437F62FFF}.RelWithDebInfo|x64.Build.0 = RelWithDebInfo|x64
		{69136C72-6E03-33BE-B50F-B7CB7ED70C96}.Debug|x64.ActiveCfg = Debug|x64
		{69136C72-6E03-33BE-B50F-B7CB7ED70C96}.Debug|x64.Build.0 = Debug|x64
		{69136C72-6E03-33BE-B50F-B7CB7ED70C96}.Release|x64.ActiveCfg = Release|x64
		{69136C72-6E03-33BE-B50F-B7CB7ED70C96}.Release|x64.Build.0 = Release|x64
		{69136C72-6E03-33BE-B50F-B7CB7ED70C96}.MinSizeRel|x64.ActiveCfg = MinSizeRel|x64
		{69136C72-6E03-33BE-B50F-B7CB7ED70C96}.MinSizeRel|x64.Build.0 = MinSizeRel|x64
		{69136C72-6E03-33BE-B50F-B7CB7ED70C96}.RelWithDebInfo|x64.ActiveCfg = RelWithDebInfo|x64
		{69136C72-6E03-33BE-B50F-B7CB7ED70C96}.RelWithDebInfo|x64.Build.0 = RelWithDebInfo|x64
		{3A0B1264-4F77-30C5-8360-79FB67EB7F26}.Debug|x64.ActiveCfg = Debug|x64
		{3A0B1264-4F77-30C5-8360-79FB67EB7F26}.Debug|x64.Build.0 = Debug|x64
		{3A0B1264-4F77-30C5-8360-79FB67EB7F26}.Release|x64.ActiveCfg = Release|x64
		{3A0B1264-4F77-30C5-8360-79FB67EB7F26}.Release|x64.Build.0 = Release|x64
		{3A0B1264-4F77-30C5-8360-79FB67EB7F26}.MinSizeRel|x64.ActiveCfg = MinSizeRel|x64
		{3A0B1264-4F77-30C5-8360-79FB67EB7F26}.MinSizeRel|x64.Build.0 = MinSizeRel|x64
		{3A0B1264-4F77-30C5-8360-79FB67EB7F26}.RelWithDebInfo|x64.ActiveCfg = RelWithDebInfo|x64
		{3A0B1264-4F77-30C5-8360-79FB67EB7F26}.RelWithDebInfo|x64.Build.0 = RelWithDebInfo|x64
		{68FC3EB8-8732-323F-857E-AB213411AA1F}.Debug|x64.ActiveCfg = Debug|x64
		{68FC3EB8-8732-323F-857E-AB213411AA1F}.Debug|x64.Build.0 = Debug|x64
		{68FC3EB8-8732-323F-857E-AB213411AA1F}.Release|x64.ActiveCfg = Release|x64
		{68FC3EB8-8732-323F-857E-AB213411AA1F}.Release|x64.Build.0 = Release|x64
		{68FC3EB8-8732-323F-857E-AB213411AA1F}.MinSizeRel|x64.ActiveCfg = MinSizeRel|x64
		{68FC3EB8-8732-323F-857E-AB213411AA1F}.MinSizeRel|x64.Build.0 = MinSizeRel|x64
		{68FC3EB8-8732-323F-857E-AB213411AA1F}.RelWithDebInfo|x64.ActiveCfg = RelWithDebInfo|x64
		{68FC3EB8-8732-323F-857E-AB213411AA1F}.RelWithDebInfo|x64.Build.0 = RelWithDebInfo|x64
		{83260507-7D9D-3F94-97D2-F065FC755F6B}.Debug|x64.ActiveCfg = Debug|x64
		{83260507-7D9D-3F94-97D2-F065FC755F6B}.Debug|x64.Build.0 = Debug|x64
		{83260507-7D9D-3F94-97D2-F065FC755F6B}.Release|x64.ActiveCfg = Release|x64
		{83260507-7D9D-3F94-97D2-F065FC755F6B}.Release|x64.Build.0 = Release|x64
		{83260507-7D9D-3F94-97D2-F065FC755F6B}.MinSizeRel|x64.ActiveCfg = MinSizeRel|x64
		{83260507-7D9D-3F94-97D2-F065FC755F6B}.MinSizeRel|x64.Build.0 = MinSizeRel|x64
		{83260507-7D9D-3F94-97D2-F065FC755F6B}.RelWithDebInfo|x64.ActiveCfg = RelWithDebInfo|x64
		{83260507-7D9D-3F94-97D2-F065FC755F6B}.RelWithDebInfo|x64.Build.0 = RelWithDebInfo|x64
		{683E32C8-B562-3B42-87FD-F2EACBED35FA}.Debug|x64.ActiveCfg = Debug|x64
		{683E32C8-B562-3B42-87FD-F2EACBED35FA}.Debug|x64.Build.0 = Debug|x64
		{683E32C8-B562-3B42-87FD-F2EACBED35FA}.Release|x64.ActiveCfg = Release|x64
		{683E32C8-B562-3B42-87FD-F2EACBED35FA}.Release|x64.Build.0 = Release|x64
		{683E32C8-B562-3B42-87FD-F2EACBED35FA}.MinSizeRel|x64.ActiveCfg = MinSizeRel|x64
		{683E32C8-B562-3B42-87FD-F2EACBED35FA}.MinSizeRel|x64.Build.0 = MinSizeRel|x64
		{683E32C8-B562-3B42-87FD-F2EACBED35FA}.RelWithDebInfo|x64.ActiveCfg = RelWithDebInfo|x64
		{683E32C8-B562-3B42-87FD-F2EACBED35FA}.RelWithDebInfo|x64.Build.0 = RelWithDebInfo|x64
		{1B676FE5-BDB4-3263-853A-9EE7C6389293}.Debug|x64.ActiveCfg = Debug|x64
		{1B676FE5-BDB4-3263-853A-9EE7C6389293}.Debug|x64.Build.0 = Debug|x64
		{1B676FE5-BDB4-3263-853A-9EE7C6389293}.Release|x64.ActiveCfg = Release|x64
		{1B676FE5-BDB4-3263-853A-9EE7C6389293}.Release|x64.Build.0 = Release|x64
		{1B676FE5-BDB4-3263-853A-9EE7C6389293}.MinSizeRel|x64.ActiveCfg = MinSizeRel|x64
		{1B676FE5-BDB4-3263-853A-9EE7C6389293}.MinSizeRel|x64.Build.0 = MinSizeRel|x64
		{1B676FE5-BDB4-3263-853A-9EE7C6389293}.RelWithDebInfo|x64.ActiveCfg = RelWithDebInfo|x64
		{1B676FE5-BDB4-3263-853A-9EE7C6389293}.RelWithDebInfo|x64.Build.0 = RelWithDebInfo|x64
		{A3DF2B34-C5B2-38A2-8927-7DBB5026C644}.Debug|x64.ActiveCfg = Debug|x64
		{A3DF2B34-C5B2-38A2-8927-7DBB5026C644}.Release|x64.ActiveCfg = Release|x64
		{A3DF2B34-C5B2-38A2-8927-7DBB5026C644}.MinSizeRel|x64.ActiveCfg = MinSizeRel|x64
		{A3DF2B34-C5B2-38A2-8927-7DBB5026C644}.RelWithDebInfo|x64.ActiveCfg = RelWithDebInfo|x64
		{968B3E0E-1ADA-3ED6-B3F4-9F856BD796A7}.Debug|x64.ActiveCfg = Debug|x64
		{968B3E0E-1ADA-3ED6-B3F4-9F856BD796A7}.Debug|x64.Build.0 = Debug|x64
		{968B3E0E-1ADA-3ED6-B3F4-9F856BD796A7}.Release|x64.ActiveCfg = Release|x64
		{968B3E0E-1ADA-3ED6-B3F4-9F856BD796A7}.Release|x64.Build.0 = Release|x64
		{968B3E0E-1ADA-3ED6-B3F4-9F856BD796A7}.MinSizeRel|x64.ActiveCfg = MinSizeRel|x64
		{968B3E0E-1ADA-3ED6-B3F4-9F856BD796A7}.MinSizeRel|x64.Build.0 = MinSizeRel|x64
		{968B3E0E-1ADA-3ED6-B3F4-9F856BD796A7}.RelWithDebInfo|x64.ActiveCfg = RelWithDebInfo|x64
		{968B3E0E-1ADA-3ED6-B3F4-9F856BD796A7}.RelWithDebInfo|x64.Build.0 = RelWithDebInfo|x64
		{FC0EF356-BBBC-30D1-8DCA-ADE5167261AC}.Debug|x64.ActiveCfg = Debug|x64
		{FC0EF356-BBBC-30D1-8DCA-ADE5167261AC}.Debug|x64.Build.0 = Debug|x64
		{FC0EF356-BBBC-30D1-8DCA-ADE5167261AC}.Release|x64.ActiveCfg = Release|x64
		{FC0EF356-BBBC-30D1-8DCA-ADE5167261AC}.Release|x64.Build.0 = Release|x64
		{FC0EF356-BBBC-30D1-8DCA-ADE5167261AC}.MinSizeRel|x64.ActiveCfg = MinSizeRel|x64
		{FC0EF356-BBBC-30D1-8DCA-ADE5167261AC}.MinSizeRel|x64.Build.0 = MinSizeRel|x64
		{FC0EF356-BBBC-30D1-8DCA-ADE5167261AC}.RelWithDebInfo|x64.ActiveCfg = RelWithDebInfo|x64
		{FC0EF356-BBBC-30D1-8DCA-ADE5167261AC}.RelWithDebInfo|x64.Build.0 = RelWithDebInfo|x64
	EndGlobalSection
	GlobalSection(NestedProjects) = preSolution
		{F417FD04-B84C-370B-A9B5-06B8670A00C1} = {7FCD31E2-AD4D-3F11-91E7-CC493DA733C6}
		{70EF0E3F-B015-3802-AA04-F0A3773DD850} = {7FCD31E2-AD4D-3F11-91E7-CC493DA733C6}
		{9CCAA1C1-D9A0-36E0-B771-ADCBF338B58E} = {7FCD31E2-AD4D-3F11-91E7-CC493DA733C6}
		{0E2E1196-8D4B-37AA-BA4A-38F8F8BB791C} = {EE7083DF-FE5B-3753-8C9A-3801223A242D}
		{C72F7B07-0D6D-3930-940F-6A1944FCC9F8} = {EE7083DF-FE5B-3753-8C9A-3801223A242D}
		{1C5449EB-BC28-386B-98BF-2289DCD21BFC} = {EE7083DF-FE5B-3753-8C9A-3801223A242D}
		{6F6DC50B-F44C-3249-9623-CD3847A8363F} = {0E2E1196-8D4B-37AA-BA4A-38F8F8BB791C}
		{5FE0BA1A-A940-3212-9B5E-8629516D4D47} = {0E2E1196-8D4B-37AA-BA4A-38F8F8BB791C}
		{68B02CA1-31DD-39BB-8FE5-DD05D6F5CE48} = {0E2E1196-8D4B-37AA-BA4A-38F8F8BB791C}
		{9AFDA6B8-0466-32CD-A761-D86D04AD1DC3} = {0E2E1196-8D4B-37AA-BA4A-38F8F8BB791C}
		{69136C72-6E03-33BE-B50F-B7CB7ED70C96} = {0E2E1196-8D4B-37AA-BA4A-38F8F8BB791C}
		{3A0B1264-4F77-30C5-8360-79FB67EB7F26} = {0E2E1196-8D4B-37AA-BA4A-38F8F8BB791C}
		{968B3E0E-1ADA-3ED6-B3F4-9F856BD796A7} = {0E2E1196-8D4B-37AA-BA4A-38F8F8BB791C}
		{D3DB9E1A-9E0B-3B06-A5C6-3BA415B05129} = {C72F7B07-0D6D-3930-940F-6A1944FCC9F8}
		{1BD6FA42-EDB6-3C9F-953D-8A3D11E62B3C} = {C72F7B07-0D6D-3930-940F-6A1944FCC9F8}
		{B93DEDBF-FEDE-374F-8029-F0C6420BB614} = {C72F7B07-0D6D-3930-940F-6A1944FCC9F8}
		{F1A46A41-5468-3A27-912F-E01A77D13513} = {C72F7B07-0D6D-3930-940F-6A1944FCC9F8}
		{6E5158D7-5541-3CCC-81FA-455599A2198E} = {C72F7B07-0D6D-3930-940F-6A1944FCC9F8}
		{CF5CB107-28B5-3A8E-B665-15C9616F82E5} = {C72F7B07-0D6D-3930-940F-6A1944FCC9F8}
		{FF114B3A-C303-3D05-A2EB-8E3925F67F74} = {C72F7B07-0D6D-3930-940F-6A1944FCC9F8}
		{0C9A46E1-BC14-387B-AE15-9BBA1CFFB402} = {C72F7B07-0D6D-3930-940F-6A1944FCC9F8}
		{A85B25FB-D229-3963-BF81-3B6738F25B15} = {C72F7B07-0D6D-3930-940F-6A1944FCC9F8}
		{1DC655F5-0906-3E20-8E6F-1E24609542E3} = {C72F7B07-0D6D-3930-940F-6A1944FCC9F8}
		{0176258B-B4BF-3135-9D15-DD8B7B4B97BA} = {C72F7B07-0D6D-3930-940F-6A1944FCC9F8}
		{6EA35865-1A48-3C49-85F9-CD83B8182FDB} = {C72F7B07-0D6D-3930-940F-6A1944FCC9F8}
		{23D7697B-4A6B-300A-9E7E-265437F62FFF} = {C72F7B07-0D6D-3930-940F-6A1944FCC9F8}
		{68FC3EB8-8732-323F-857E-AB213411AA1F} = {C72F7B07-0D6D-3930-940F-6A1944FCC9F8}
		{83260507-7D9D-3F94-97D2-F065FC755F6B} = {C72F7B07-0D6D-3930-940F-6A1944FCC9F8}
		{683E32C8-B562-3B42-87FD-F2EACBED35FA} = {C72F7B07-0D6D-3930-940F-6A1944FCC9F8}
		{1B676FE5-BDB4-3263-853A-9EE7C6389293} = {C72F7B07-0D6D-3930-940F-6A1944FCC9F8}
		{FC0EF356-BBBC-30D1-8DCA-ADE5167261AC} = {C72F7B07-0D6D-3930-940F-6A1944FCC9F8}
	EndGlobalSection
	GlobalSection(ExtensibilityGlobals) = postSolution
		SolutionGuid = {3EC98281-7FBF-3BF3-B66D-CF238F941D5A}
	EndGlobalSection
	GlobalSection(ExtensibilityAddIns) = postSolution
	EndGlobalSection
EndGlobal
